
Microsoft Visual Studio Solution File, Format Version 12.00
# Visual Studio 15
VisualStudioVersion = 15.0.28307.329
MinimumVisualStudioVersion = 10.0.40219.1
Project("{FAE04EC0-301F-11D3-BF4B-00C04F79EFBC}") = "ContactApp.Api", "ContactApp.Api\ContactApp.Api.csproj", "{45AA89C9-1E5F-4A9A-ADF0-453556BDCC46}"
EndProject
Global
	GlobalSection(SolutionConfigurationPlatforms) = preSolution
		Debug|Any CPU = Debug|Any CPU
		Release|Any CPU = Release|Any CPU
	EndGlobalSection
	GlobalSection(ProjectConfigurationPlatforms) = postSolution
		{45AA89C9-1E5F-4A9A-ADF0-453556BDCC46}.Debug|Any CPU.ActiveCfg = Debug|Any CPU
		{45AA89C9-1E5F-4A9A-ADF0-453556BDCC46}.Debug|Any CPU.Build.0 = Debug|Any CPU
		{45AA89C9-1E5F-4A9A-ADF0-453556BDCC46}.Release|Any CPU.ActiveCfg = Release|Any CPU
		{45AA89C9-1E5F-4A9A-ADF0-453556BDCC46}.Release|Any CPU.Build.0 = Release|Any CPU
	EndGlobalSection
	GlobalSection(SolutionProperties) = preSolution
		HideSolutionNode = FALSE
	EndGlobalSection
	GlobalSection(ExtensibilityGlobals) = postSolution
		SolutionGuid = {2771C824-2F98-4E40-8B09-C316E803789D}
	EndGlobalSection
EndGlobal
